// !$*UTF8*$!
{
	archiveVersion = 1;
	classes = {
	};
	objectVersion = 46;
	objects = {

/* Begin PBXBuildFile section */
		9721AA9C1D935943006470E0 /* AppDelegate.swift in Sources */ = {isa = PBXBuildFile; fileRef = 9721AA9B1D935943006470E0 /* AppDelegate.swift */; };
		9721AA9E1D935943006470E0 /* Assets.xcassets in Resources */ = {isa = PBXBuildFile; fileRef = 9721AA9D1D935943006470E0 /* Assets.xcassets */; };
		9721AAA11D935943006470E0 /* MainMenu.xib in Resources */ = {isa = PBXBuildFile; fileRef = 9721AA9F1D935943006470E0 /* MainMenu.xib */; };
		9721AAA91D935B5B006470E0 /* Quartz.framework in Frameworks */ = {isa = PBXBuildFile; fileRef = 9721AAA81D935B5B006470E0 /* Quartz.framework */; };
		979066571D98C0FC00812A17 /* myPDF.pdf in Resources */ = {isa = PBXBuildFile; fileRef = 979066561D98C0FC00812A17 /* myPDF.pdf */; };
/* End PBXBuildFile section */

/* Begin PBXFileReference section */
		9721AA981D935943006470E0 /* progA2.app */ = {isa = PBXFileReference; explicitFileType = wrapper.application; includeInIndex = 0; path = progA2.app; sourceTree = BUILT_PRODUCTS_DIR; };
		9721AA9B1D935943006470E0 /* AppDelegate.swift */ = {isa = PBXFileReference; lastKnownFileType = sourcecode.swift; path = AppDelegate.swift; sourceTree = "<group>"; };
		9721AA9D1D935943006470E0 /* Assets.xcassets */ = {isa = PBXFileReference; lastKnownFileType = folder.assetcatalog; path = Assets.xcassets; sourceTree = "<group>"; };
		9721AAA01D935943006470E0 /* Base */ = {isa = PBXFileReference; lastKnownFileType = file.xib; name = Base; path = Base.lproj/MainMenu.xib; sourceTree = "<group>"; };
		9721AAA21D935943006470E0 /* Info.plist */ = {isa = PBXFileReference; lastKnownFileType = text.plist.xml; path = Info.plist; sourceTree = "<group>"; };
		9721AAA81D935B5B006470E0 /* Quartz.framework */ = {isa = PBXFileReference; lastKnownFileType = wrapper.framework; name = Quartz.framework; path = System/Library/Frameworks/Quartz.framework; sourceTree = SDKROOT; };
		979066561D98C0FC00812A17 /* myPDF.pdf */ = {isa = PBXFileReference; lastKnownFileType = image.pdf; path = myPDF.pdf; sourceTree = SOURCE_ROOT; };
/* End PBXFileReference section */

/* Begin PBXFrameworksBuildPhase section */
		9721AA951D935943006470E0 /* Frameworks */ = {
			isa = PBXFrameworksBuildPhase;
			buildActionMask = 2147483647;
			files = (
				9721AAA91D935B5B006470E0 /* Quartz.framework in Frameworks */,
			);
			runOnlyForDeploymentPostprocessing = 0;
		};
/* End PBXFrameworksBuildPhase section */

/* Begin PBXGroup section */
		9721AA8F1D935942006470E0 = {
			isa = PBXGroup;
			children = (
				9721AAA81D935B5B006470E0 /* Quartz.framework */,
				9721AA9A1D935943006470E0 /* progA2 */,
				9721AA991D935943006470E0 /* Products */,
			);
			sourceTree = "<group>";
		};
		9721AA991D935943006470E0 /* Products */ = {
			isa = PBXGroup;
			children = (
				9721AA981D935943006470E0 /* progA2.app */,
			);
			name = Products;
			sourceTree = "<group>";
		};
		9721AA9A1D935943006470E0 /* progA2 */ = {
			isa = PBXGroup;
			children = (
				979066561D98C0FC00812A17 /* myPDF.pdf */,
				9721AA9B1D935943006470E0 /* AppDelegate.swift */,
				9721AA9D1D935943006470E0 /* Assets.xcassets */,
				9721AA9F1D935943006470E0 /* MainMenu.xib */,
				9721AAA21D935943006470E0 /* Info.plist */,
			);
			path = progA2;
			sourceTree = "<group>";
		};
/* End PBXGroup section */

/* Begin PBXNativeTarget section */
		9721AA971D935943006470E0 /* progA2 */ = {
			isa = PBXNativeTarget;
			buildConfigurationList = 9721AAA51D935943006470E0 /* Build configuration list for PBXNativeTarget "progA2" */;
			buildPhases = (
				9721AA941D935943006470E0 /* Sources */,
				9721AA951D935943006470E0 /* Frameworks */,
				9721AA961D935943006470E0 /* Resources */,
			);
			buildRules = (
			);
			dependencies = (
			);
			name = progA2;
			productName = progA2;
			productReference = 9721AA981D935943006470E0 /* progA2.app */;
			productType = "com.apple.product-type.application";
		};
/* End PBXNativeTarget section */

/* Begin PBXProject section */
		9721AA901D935942006470E0 /* Project object */ = {
			isa = PBXProject;
			attributes = {
				LastSwiftUpdateCheck = 0730;
				LastUpgradeCheck = 0730;
				ORGANIZATIONNAME = "Ashley Midgley";
				TargetAttributes = {
					9721AA971D935943006470E0 = {
						CreatedOnToolsVersion = 7.3.1;
					};
				};
			};
			buildConfigurationList = 9721AA931D935942006470E0 /* Build configuration list for PBXProject "progA2" */;
			compatibilityVersion = "Xcode 3.2";
			developmentRegion = English;
			hasScannedForEncodings = 0;
			knownRegions = (
				en,
				Base,
			);
			mainGroup = 9721AA8F1D935942006470E0;
			productRefGroup = 9721AA991D935943006470E0 /* Products */;
			projectDirPath = "";
			projectRoot = "";
			targets = (
				9721AA971D935943006470E0 /* progA2 */,
			);
		};
/* End PBXProject section */

/* Begin PBXResourcesBuildPhase section */
		9721AA961D935943006470E0 /* Resources */ = {
			isa = PBXResourcesBuildPhase;
			buildActionMask = 2147483647;
			files = (
				9721AA9E1D935943006470E0 /* Assets.xcassets in Resources */,
				9721AAA11D935943006470E0 /* MainMenu.xib in Resources */,
				979066571D98C0FC00812A17 /* myPDF.pdf in Resources */,
			);
			runOnlyForDeploymentPostprocessing = 0;
		};
/* End PBXResourcesBuildPhase section */

/* Begin PBXSourcesBuildPhase section */
		9721AA941D935943006470E0 /* Sources */ = {
			isa = PBXSourcesBuildPhase;
			buildActionMask = 2147483647;
			files = (
				9721AA9C1D935943006470E0 /* AppDelegate.swift in Sources */,
			);
			runOnlyForDeploymentPostprocessing = 0;
		};
/* End PBXSourcesBuildPhase section */

/* Begin PBXVariantGroup section */
		9721AA9F1D935943006470E0 /* MainMenu.xib */ = {
			isa = PBXVariantGroup;
			children = (
				9721AAA01D935943006470E0 /* Base */,
			);
			name = MainMenu.xib;
			sourceTree = "<group>";
		};
/* End PBXVariantGroup section */

/* Begin XCBuildConfiguration section */
		9721AAA31D935943006470E0 /* Debug */ = {
			isa = XCBuildConfiguration;
			buildSettings = {
				ALWAYS_SEARCH_USER_PATHS = NO;
				CLANG_ANALYZER_NONNULL = YES;
				CLANG_CXX_LANGUAGE_STANDARD = "gnu++0x";
				CLANG_CXX_LIBRARY = "libc++";
				CLANG_ENABLE_MODULES = YES;
				CLANG_ENABLE_OBJC_ARC = YES;
				CLANG_WARN_BOOL_CONVERSION = YES;
				CLANG_WARN_CONSTANT_CONVERSION = YES;
				CLANG_WARN_DIRECT_OBJC_ISA_USAGE = YES_ERROR;
				CLANG_WARN_EMPTY_BODY = YES;
				CLANG_WARN_ENUM_CONVERSION = YES;
				CLANG_WARN_INT_CONVERSION = YES;
				CLANG_WARN_OBJC_ROOT_CLASS = YES_ERROR;
				CLANG_WARN_UNREACHABLE_CODE = YES;
				CLANG_WARN__DUPLICATE_METHOD_MATCH = YES;
				CODE_SIGN_IDENTITY = "-";
				COPY_PHASE_STRIP = NO;
				DEBUG_INFORMATION_FORMAT = dwarf;
				ENABLE_STRICT_OBJC_MSGSEND = YES;
				ENABLE_TESTABILITY = YES;
				GCC_C_LANGUAGE_STANDARD = gnu99;
				GCC_DYNAMIC_NO_PIC = NO;
				GCC_NO_COMMON_BLOCKS = YES;
				GCC_OPTIMIZATION_LEVEL = 0;
				GCC_PREPROCESSOR_DEFINITIONS = (
					"DEBUG=1",
					"$(inherited)",
				);
				GCC_WARN_64_TO_32_BIT_CONVERSION = YES;
				GCC_WARN_ABOUT_RETURN_TYPE = YES_ERROR;
				GCC_WARN_UNDECLARED_SELECTOR = YES;
				GCC_WARN_UNINITIALIZED_AUTOS = YES_AGGRESSIVE;
				GCC_WARN_UNUSED_FUNCTION = YES;
				GCC_WARN_UNUSED_VARIABLE = YES;
				MACOSX_DEPLOYMENT_TARGET = 10.11;
				MTL_ENABLE_DEBUG_INFO = YES;
				ONLY_ACTIVE_ARCH = YES;
				SDKROOT = macosx;
				SWIFT_OPTIMIZATION_LEVEL = "-Onone";
			};
			name = Debug;
		};
		9721AAA41D935943006470E0 /* Release */ = {
			isa = XCBuildConfiguration;
			buildSettings = {
				ALWAYS_SEARCH_USER_PATHS = NO;
				CLANG_ANALYZER_NONNULL = YES;
				CLANG_CXX_LANGUAGE_STANDARD = "gnu++0x";
				CLANG_CXX_LIBRARY = "libc++";
				CLANG_ENABLE_MODULES = YES;
				CLANG_ENABLE_OBJC_ARC = YES;
				CLANG_WARN_BOOL_CONVERSION = YES;
				CLANG_WARN_CONSTANT_CONVERSION = YES;
				CLANG_WARN_DIRECT_OBJC_ISA_USAGE = YES_ERROR;
				CLANG_WARN_EMPTY_BODY = YES;
				CLANG_WARN_ENUM_CONVERSION = YES;
				CLANG_WARN_INT_CONVERSION = YES;
				CLANG_WARN_OBJC_ROOT_CLASS = YES_ERROR;
				CLANG_WARN_UNREACHABLE_CODE = YES;
				CLANG_WARN__DUPLICATE_METHOD_MATCH = YES;
				CODE_SIGN_IDENTITY = "-";
				COPY_PHASE_STRIP = NO;
				DEBUG_INFORMATION_FORMAT = "dwarf-with-dsym";
				ENABLE_NS_ASSERTIONS = NO;
				ENABLE_STRICT_OBJC_MSGSEND = YES;
				GCC_C_LANGUAGE_STANDARD = gnu99;
				GCC_NO_COMMON_BLOCKS = YES;
				GCC_WARN_64_TO_32_BIT_CONVERSION = YES;
				GCC_WARN_ABOUT_RETURN_TYPE = YES_ERROR;
				GCC_WARN_UNDECLARED_SELECTOR = YES;
				GCC_WARN_UNINITIALIZED_AUTOS = YES_AGGRESSIVE;
				GCC_WARN_UNUSED_FUNCTION = YES;
				GCC_WARN_UNUSED_VARIABLE = YES;
				MACOSX_DEPLOYMENT_TARGET = 10.11;
				MTL_ENABLE_DEBUG_INFO = NO;
				SDKROOT = macosx;
			};
			name = Release;
		};
		9721AAA61D935943006470E0 /* Debug */ = {
			isa = XCBuildConfiguration;
			buildSettings = {
				ASSETCATALOG_COMPILER_APPICON_NAME = AppIcon;
				COMBINE_HIDPI_IMAGES = YES;
				INFOPLIST_FILE = progA2/Info.plist;
				LD_RUNPATH_SEARCH_PATHS = "$(inherited) @executable_path/../Frameworks";
				PRODUCT_BUNDLE_IDENTIFIER = cosc346.progA2;
				PRODUCT_NAME = "$(TARGET_NAME)";
			};
			name = Debug;
		};
		9721AAA71D935943006470E0 /* Release */ = {
			isa = XCBuildConfiguration;
			buildSettings = {
				ASSETCATALOG_COMPILER_APPICON_NAME = AppIcon;
				COMBINE_HIDPI_IMAGES = YES;
				INFOPLIST_FILE = progA2/Info.plist;
				LD_RUNPATH_SEARCH_PATHS = "$(inherited) @executable_path/../Frameworks";
				PRODUCT_BUNDLE_IDENTIFIER = cosc346.progA2;
				PRODUCT_NAME = "$(TARGET_NAME)";
			};
			name = Release;
		};
/* End XCBuildConfiguration section */

/* Begin XCConfigurationList section */
		9721AA931D935942006470E0 /* Build configuration list for PBXProject "progA2" */ = {
			isa = XCConfigurationList;
			buildConfigurations = (
				9721AAA31D935943006470E0 /* Debug */,
				9721AAA41D935943006470E0 /* Release */,
			);
			defaultConfigurationIsVisible = 0;
			defaultConfigurationName = Release;
		};
		9721AAA51D935943006470E0 /* Build configuration list for PBXNativeTarget "progA2" */ = {
			isa = XCConfigurationList;
			buildConfigurations = (
				9721AAA61D935943006470E0 /* Debug */,
				9721AAA71D935943006470E0 /* Release */,
			);
			defaultConfigurationIsVisible = 0;
			defaultConfigurationName = Release;
		};
/* End XCConfigurationList section */
	};
	rootObject = 9721AA901D935942006470E0 /* Project object */;
}
